// !$*UTF8*$!
{
	archiveVersion = 1;
	classes = {
	};
	objectVersion = 54;
	objects = {

/* Begin PBXBuildFile section */
		F30C86D226D6947100F93E60 /* ContainerButton.swift in Sources */ = {isa = PBXBuildFile; fileRef = F30C86D126D6947100F93E60 /* ContainerButton.swift */; };
		F30C86DE26D6F84900F93E60 /* GalleryCollectionFooterItem.swift in Sources */ = {isa = PBXBuildFile; fileRef = F30C86DD26D6F84900F93E60 /* GalleryCollectionFooterItem.swift */; };
		F30C86E026D701C600F93E60 /* GalleryCollectionInnerGapItem.swift in Sources */ = {isa = PBXBuildFile; fileRef = F30C86DF26D701C600F93E60 /* GalleryCollectionInnerGapItem.swift */; };
		F30C86E226D7247500F93E60 /* GalleryData.swift in Sources */ = {isa = PBXBuildFile; fileRef = F30C86E126D7247500F93E60 /* GalleryData.swift */; };
		F30C86E426DC557200F93E60 /* RoundedPushButton.swift in Sources */ = {isa = PBXBuildFile; fileRef = F30C86E326DC557200F93E60 /* RoundedPushButton.swift */; };
		F3140D02268221C60058EB60 /* PushButton.swift in Sources */ = {isa = PBXBuildFile; fileRef = F3140D01268221C60058EB60 /* PushButton.swift */; };
		F3140D072682BBF10058EB60 /* CreateContentView.swift in Sources */ = {isa = PBXBuildFile; fileRef = F3140D062682BBF10058EB60 /* CreateContentView.swift */; };
		F3140D0D268361BC0058EB60 /* TabView.swift in Sources */ = {isa = PBXBuildFile; fileRef = F3140D0C268361BC0058EB60 /* TabView.swift */; };
		F3140D0F268374EB0058EB60 /* TabItemView.swift in Sources */ = {isa = PBXBuildFile; fileRef = F3140D0E268374EB0058EB60 /* TabItemView.swift */; };
		F31A9E2826E6D95B00135E49 /* DragAnimatedImageView.swift in Sources */ = {isa = PBXBuildFile; fileRef = F31A9E2726E6D95B00135E49 /* DragAnimatedImageView.swift */; };
		F329B3CE26F1453F00A31035 /* WelcomeContentView.swift in Sources */ = {isa = PBXBuildFile; fileRef = F329B3CD26F1453F00A31035 /* WelcomeContentView.swift */; };
		F32C649A26FB68D8002F5817 /* GalleryCollectionFooterView.swift in Sources */ = {isa = PBXBuildFile; fileRef = F32C649926FB68D8002F5817 /* GalleryCollectionFooterView.swift */; };
		F32C649C26FCF79D002F5817 /* CreateAnimatedImageView.swift in Sources */ = {isa = PBXBuildFile; fileRef = F32C649B26FCF79D002F5817 /* CreateAnimatedImageView.swift */; };
		F32C64A026FD3E01002F5817 /* CreateBottomView.swift in Sources */ = {isa = PBXBuildFile; fileRef = F32C649F26FD3E00002F5817 /* CreateBottomView.swift */; };
		F32C64A226FD43C8002F5817 /* CreateHeaderView.swift in Sources */ = {isa = PBXBuildFile; fileRef = F32C64A126FD43C8002F5817 /* CreateHeaderView.swift */; };
		F32F3776273A16C700A52762 /* TextView.swift in Sources */ = {isa = PBXBuildFile; fileRef = F32F3775273A16C700A52762 /* TextView.swift */; };
		F342CC1F26AEEF57001E0DF8 /* TagView.swift in Sources */ = {isa = PBXBuildFile; fileRef = F342CC1E26AEEF57001E0DF8 /* TagView.swift */; };
		F342CC2126AF1ACF001E0DF8 /* TagItemView.swift in Sources */ = {isa = PBXBuildFile; fileRef = F342CC2026AF1ACF001E0DF8 /* TagItemView.swift */; };
		F342CC2726B32C47001E0DF8 /* GalleryCollectionCoordinatesView.swift in Sources */ = {isa = PBXBuildFile; fileRef = F342CC2626B32C47001E0DF8 /* GalleryCollectionCoordinatesView.swift */; };
		F342CC2926B32CDA001E0DF8 /* GalleryCollectionTimeView.swift in Sources */ = {isa = PBXBuildFile; fileRef = F342CC2826B32CDA001E0DF8 /* GalleryCollectionTimeView.swift */; };
		F342CC2B26B32D07001E0DF8 /* GalleryCollectionButtonsView.swift in Sources */ = {isa = PBXBuildFile; fileRef = F342CC2A26B32D07001E0DF8 /* GalleryCollectionButtonsView.swift */; };
		F34E06A9267A82BA00F004EF /* TitleBarView.swift in Sources */ = {isa = PBXBuildFile; fileRef = F34E06A8267A82BA00F004EF /* TitleBarView.swift */; };
		F34E06AB267A83B200F004EF /* LineView.swift in Sources */ = {isa = PBXBuildFile; fileRef = F34E06AA267A83B200F004EF /* LineView.swift */; };
		F34E06AD267A8D0000F004EF /* Label.swift in Sources */ = {isa = PBXBuildFile; fileRef = F34E06AC267A8D0000F004EF /* Label.swift */; };
		F34E06B1267AB80C00F004EF /* StackView.swift in Sources */ = {isa = PBXBuildFile; fileRef = F34E06B0267AB80C00F004EF /* StackView.swift */; };
		F34E06B3267AB94800F004EF /* TooltipView.swift in Sources */ = {isa = PBXBuildFile; fileRef = F34E06B2267AB94800F004EF /* TooltipView.swift */; };
		F34E06B9267ABB6E00F004EF /* TooltipWindow.swift in Sources */ = {isa = PBXBuildFile; fileRef = F34E06B8267ABB6E00F004EF /* TooltipWindow.swift */; };
		F34E06BB267ABDAC00F004EF /* PrimaryButton.swift in Sources */ = {isa = PBXBuildFile; fileRef = F34E06BA267ABDAC00F004EF /* PrimaryButton.swift */; };
		F34E06BD267B6FE100F004EF /* MenuView.swift in Sources */ = {isa = PBXBuildFile; fileRef = F34E06BC267B6FE100F004EF /* MenuView.swift */; };
		F34E06BF267B6FFA00F004EF /* NotificationView.swift in Sources */ = {isa = PBXBuildFile; fileRef = F34E06BE267B6FFA00F004EF /* NotificationView.swift */; };
		F34E06C1267B716F00F004EF /* DynamicButton.swift in Sources */ = {isa = PBXBuildFile; fileRef = F34E06C0267B716F00F004EF /* DynamicButton.swift */; };
		F34E06C9267B7AF700F004EF /* NSView.swift in Sources */ = {isa = PBXBuildFile; fileRef = F34E06C8267B7AF700F004EF /* NSView.swift */; };
		F34E06CB267B7B3100F004EF /* NSBezierPath.swift in Sources */ = {isa = PBXBuildFile; fileRef = F34E06CA267B7B3100F004EF /* NSBezierPath.swift */; };
		F34E06CD267B7BA300F004EF /* GalleryCollectionContentView.swift in Sources */ = {isa = PBXBuildFile; fileRef = F34E06CC267B7BA300F004EF /* GalleryCollectionContentView.swift */; };
		F34E06CF267B855F00F004EF /* GalleryCollectionViewItem.swift in Sources */ = {isa = PBXBuildFile; fileRef = F34E06CE267B855F00F004EF /* GalleryCollectionViewItem.swift */; };
		F34E06D1267B857400F004EF /* GalleryCollectionView.swift in Sources */ = {isa = PBXBuildFile; fileRef = F34E06D0267B857400F004EF /* GalleryCollectionView.swift */; };
		F34E06D7267B87A700F004EF /* MainContentView.swift in Sources */ = {isa = PBXBuildFile; fileRef = F34E06D6267B87A700F004EF /* MainContentView.swift */; };
		F34E06D9267B886800F004EF /* ToolBarView.swift in Sources */ = {isa = PBXBuildFile; fileRef = F34E06D8267B886800F004EF /* ToolBarView.swift */; };
		F34E06DB267B890700F004EF /* BottomBarView.swift in Sources */ = {isa = PBXBuildFile; fileRef = F34E06DA267B890700F004EF /* BottomBarView.swift */; };
		F356C8A9272B318900E915C6 /* InteractiveLineChartCurve.swift in Sources */ = {isa = PBXBuildFile; fileRef = F356C8A8272B318900E915C6 /* InteractiveLineChartCurve.swift */; };
		F356C8AB272F479500E915C6 /* SubMenuPopUpButtonCell.swift in Sources */ = {isa = PBXBuildFile; fileRef = F356C8AA272F479400E915C6 /* SubMenuPopUpButtonCell.swift */; };
		F356C8AF272F596500E915C6 /* SubMenuPopUpButton.swift in Sources */ = {isa = PBXBuildFile; fileRef = F356C8AE272F596500E915C6 /* SubMenuPopUpButton.swift */; };
		F356C8B72734B97D00E915C6 /* TipContentView.swift in Sources */ = {isa = PBXBuildFile; fileRef = F356C8B62734B97D00E915C6 /* TipContentView.swift */; };
		F360471226EAA1490009F725 /* CreateButtonsView.swift in Sources */ = {isa = PBXBuildFile; fileRef = F360471126EAA1490009F725 /* CreateButtonsView.swift */; };
		F360471826EAEF5A0009F725 /* GalleryCollectionTooltipHandler.swift in Sources */ = {isa = PBXBuildFile; fileRef = F360471726EAEF5A0009F725 /* GalleryCollectionTooltipHandler.swift */; };
		F36AD5E426E530C900314A02 /* GalleryCollectionLayout.swift in Sources */ = {isa = PBXBuildFile; fileRef = F36AD5E326E530C900314A02 /* GalleryCollectionLayout.swift */; };
		F36AD5E626E576BE00314A02 /* GalleryCollectionDataSource.swift in Sources */ = {isa = PBXBuildFile; fileRef = F36AD5E526E576BE00314A02 /* GalleryCollectionDataSource.swift */; };
		F376572C267FC94400AC4191 /* TitleLineView.swift in Sources */ = {isa = PBXBuildFile; fileRef = F376572B267FC94400AC4191 /* TitleLineView.swift */; };
		F37657322680008B00AC4191 /* TitleLabel.swift in Sources */ = {isa = PBXBuildFile; fileRef = F37657312680008B00AC4191 /* TitleLabel.swift */; };
		F37657342680048800AC4191 /* StyledLabel.swift in Sources */ = {isa = PBXBuildFile; fileRef = F37657332680048800AC4191 /* StyledLabel.swift */; };
		F3837F0D2698E87C00671585 /* GalleryInternalCollectionView.swift in Sources */ = {isa = PBXBuildFile; fileRef = F3837F0C2698E87C00671585 /* GalleryInternalCollectionView.swift */; };
		F3893B77273A0DC0009FF22E /* SetContentView.swift in Sources */ = {isa = PBXBuildFile; fileRef = F3893B76273A0DC0009FF22E /* SetContentView.swift */; };
		F38D5B12273EE0F60065E13D /* OverlayView.swift in Sources */ = {isa = PBXBuildFile; fileRef = F38D5B11273EE0F60065E13D /* OverlayView.swift */; };
		F38FB108269FAD42007F8362 /* Button.swift in Sources */ = {isa = PBXBuildFile; fileRef = F38FB107269FAD42007F8362 /* Button.swift */; };
		F395A4B42BA2718B0013AFCE /* RoundedTitleView.swift in Sources */ = {isa = PBXBuildFile; fileRef = F395A4B32BA2718B0013AFCE /* RoundedTitleView.swift */; };
		F395A4B62BA649590013AFCE /* TooltipPresenter.swift in Sources */ = {isa = PBXBuildFile; fileRef = F395A4B52BA649590013AFCE /* TooltipPresenter.swift */; };
		F395A4B82BA742FD0013AFCE /* SolarTooltipHander.swift in Sources */ = {isa = PBXBuildFile; fileRef = F395A4B72BA742FD0013AFCE /* SolarTooltipHander.swift */; };
		F399A5032686319B00ED45EF /* DragView.swift in Sources */ = {isa = PBXBuildFile; fileRef = F399A5022686319B00ED45EF /* DragView.swift */; };
		F399A505268645DC00ED45EF /* DashedView.swift in Sources */ = {isa = PBXBuildFile; fileRef = F399A504268645DC00ED45EF /* DashedView.swift */; };
		F399A50B2686781900ED45EF /* GalleryCollectionImageView.swift in Sources */ = {isa = PBXBuildFile; fileRef = F399A50A2686781900ED45EF /* GalleryCollectionImageView.swift */; };
		F3A7374F268E866800515952 /* AnimatedImageView.swift in Sources */ = {isa = PBXBuildFile; fileRef = F3A7374E268E866800515952 /* AnimatedImageView.swift */; };
		F3A73751268F837700515952 /* BorderProgressView.swift in Sources */ = {isa = PBXBuildFile; fileRef = F3A73750268F837700515952 /* BorderProgressView.swift */; };
		F3A87556269CD9D8008CD4B0 /* FloatingTextField.swift in Sources */ = {isa = PBXBuildFile; fileRef = F3A87555269CD9D8008CD4B0 /* FloatingTextField.swift */; };
		F3AC40FB26D152F0000A7253 /* GalleryModel.swift in Sources */ = {isa = PBXBuildFile; fileRef = F3AC40FA26D152F0000A7253 /* GalleryModel.swift */; };
		F3AC40FD26D15446000A7253 /* GalleryTextList.swift in Sources */ = {isa = PBXBuildFile; fileRef = F3AC40FC26D15446000A7253 /* GalleryTextList.swift */; };
		F3AC410726D3E27C000A7253 /* TypeView.swift in Sources */ = {isa = PBXBuildFile; fileRef = F3AC410626D3E27C000A7253 /* TypeView.swift */; };
		F3AC410926D3E289000A7253 /* TypeItemView.swift in Sources */ = {isa = PBXBuildFile; fileRef = F3AC410826D3E289000A7253 /* TypeItemView.swift */; };
		F3AC411226D58AFD000A7253 /* RootContentView.swift in Sources */ = {isa = PBXBuildFile; fileRef = F3AC411126D58AFD000A7253 /* RootContentView.swift */; };
		F3BD018026C16B790090D864 /* RoundedFloatingTextField.swift in Sources */ = {isa = PBXBuildFile; fileRef = F3BD017F26C16B790090D864 /* RoundedFloatingTextField.swift */; };
		F3BD018226C1F0AC0090D864 /* RoundedDatePicker.swift in Sources */ = {isa = PBXBuildFile; fileRef = F3BD018126C1F0AC0090D864 /* RoundedDatePicker.swift */; };
		F3CBF494267F940500087660 /* View.swift in Sources */ = {isa = PBXBuildFile; fileRef = F3CBF493267F940500087660 /* View.swift */; };
		F3D2EE44267DEDAA009704C5 /* VisualEffectView.swift in Sources */ = {isa = PBXBuildFile; fileRef = F3D2EE43267DEDAA009704C5 /* VisualEffectView.swift */; };
		F3D2EE47267DF125009704C5 /* Window.swift in Sources */ = {isa = PBXBuildFile; fileRef = F3D2EE46267DF125009704C5 /* Window.swift */; };
		F3D9F23926C064A900CF816C /* SolarMainContentView.swift in Sources */ = {isa = PBXBuildFile; fileRef = F3D9F23826C064A900CF816C /* SolarMainContentView.swift */; };
		F3E0D71A267CF1C90077DBAB /* WindowContentView.swift in Sources */ = {isa = PBXBuildFile; fileRef = F3E0D719267CF1C90077DBAB /* WindowContentView.swift */; };
		F3E7B04326A4EE4600287C60 /* AppearanceContentView.swift in Sources */ = {isa = PBXBuildFile; fileRef = F3E7B04226A4EE4600287C60 /* AppearanceContentView.swift */; };
		F3E7B04B26A64D1700287C60 /* AppearanceType.swift in Sources */ = {isa = PBXBuildFile; fileRef = F3E7B04A26A64D1700287C60 /* AppearanceType.swift */; };
		F3E7B05226A7136900287C60 /* AppearanceItemView.swift in Sources */ = {isa = PBXBuildFile; fileRef = F3E7B05126A7136900287C60 /* AppearanceItemView.swift */; };
		F3E7B05426A713D300287C60 /* AppearanceStyleView.swift in Sources */ = {isa = PBXBuildFile; fileRef = F3E7B05326A713D300287C60 /* AppearanceStyleView.swift */; };
		F3E7B05C26ADB06400287C60 /* GalleryContentView.swift in Sources */ = {isa = PBXBuildFile; fileRef = F3E7B05B26ADB06400287C60 /* GalleryContentView.swift */; };
		F3EC93AB26C99DF50032FA39 /* ImageView.swift in Sources */ = {isa = PBXBuildFile; fileRef = F3EC93AA26C99DF50032FA39 /* ImageView.swift */; };
		F3EC93AD26C9D51E0032FA39 /* SolarLocationView.swift in Sources */ = {isa = PBXBuildFile; fileRef = F3EC93AC26C9D51E0032FA39 /* SolarLocationView.swift */; };
		F3EC93AF26C9D53E0032FA39 /* SolarResultView.swift in Sources */ = {isa = PBXBuildFile; fileRef = F3EC93AE26C9D53E0032FA39 /* SolarResultView.swift */; };
		F3FEC7E627277F2800C8F439 /* InteractiveLineChart.swift in Sources */ = {isa = PBXBuildFile; fileRef = F3FEC7E527277F2800C8F439 /* InteractiveLineChart.swift */; };
		F3FEC7E827278DFE00C8F439 /* SolarTimelineView.swift in Sources */ = {isa = PBXBuildFile; fileRef = F3FEC7E727278DFE00C8F439 /* SolarTimelineView.swift */; };
/* End PBXBuildFile section */

/* Begin PBXFileReference section */
		F30C86D126D6947100F93E60 /* ContainerButton.swift */ = {isa = PBXFileReference; lastKnownFileType = sourcecode.swift; path = ContainerButton.swift; sourceTree = "<group>"; };
		F30C86DD26D6F84900F93E60 /* GalleryCollectionFooterItem.swift */ = {isa = PBXFileReference; lastKnownFileType = sourcecode.swift; path = GalleryCollectionFooterItem.swift; sourceTree = "<group>"; };
		F30C86DF26D701C600F93E60 /* GalleryCollectionInnerGapItem.swift */ = {isa = PBXFileReference; lastKnownFileType = sourcecode.swift; path = GalleryCollectionInnerGapItem.swift; sourceTree = "<group>"; };
		F30C86E126D7247500F93E60 /* GalleryData.swift */ = {isa = PBXFileReference; lastKnownFileType = sourcecode.swift; path = GalleryData.swift; sourceTree = "<group>"; };
		F30C86E326DC557200F93E60 /* RoundedPushButton.swift */ = {isa = PBXFileReference; lastKnownFileType = sourcecode.swift; path = RoundedPushButton.swift; sourceTree = "<group>"; };
		F3140D01268221C60058EB60 /* PushButton.swift */ = {isa = PBXFileReference; lastKnownFileType = sourcecode.swift; path = PushButton.swift; sourceTree = "<group>"; };
		F3140D062682BBF10058EB60 /* CreateContentView.swift */ = {isa = PBXFileReference; lastKnownFileType = sourcecode.swift; path = CreateContentView.swift; sourceTree = "<group>"; };
		F3140D0C268361BC0058EB60 /* TabView.swift */ = {isa = PBXFileReference; lastKnownFileType = sourcecode.swift; path = TabView.swift; sourceTree = "<group>"; };
		F3140D0E268374EB0058EB60 /* TabItemView.swift */ = {isa = PBXFileReference; lastKnownFileType = sourcecode.swift; path = TabItemView.swift; sourceTree = "<group>"; };
		F31A9E2726E6D95B00135E49 /* DragAnimatedImageView.swift */ = {isa = PBXFileReference; lastKnownFileType = sourcecode.swift; path = DragAnimatedImageView.swift; sourceTree = "<group>"; };
		F329B3CD26F1453F00A31035 /* WelcomeContentView.swift */ = {isa = PBXFileReference; lastKnownFileType = sourcecode.swift; path = WelcomeContentView.swift; sourceTree = "<group>"; };
		F32C649926FB68D8002F5817 /* GalleryCollectionFooterView.swift */ = {isa = PBXFileReference; lastKnownFileType = sourcecode.swift; path = GalleryCollectionFooterView.swift; sourceTree = "<group>"; };
		F32C649B26FCF79D002F5817 /* CreateAnimatedImageView.swift */ = {isa = PBXFileReference; lastKnownFileType = sourcecode.swift; path = CreateAnimatedImageView.swift; sourceTree = "<group>"; };
		F32C649F26FD3E00002F5817 /* CreateBottomView.swift */ = {isa = PBXFileReference; lastKnownFileType = sourcecode.swift; path = CreateBottomView.swift; sourceTree = "<group>"; };
		F32C64A126FD43C8002F5817 /* CreateHeaderView.swift */ = {isa = PBXFileReference; lastKnownFileType = sourcecode.swift; path = CreateHeaderView.swift; sourceTree = "<group>"; };
		F32F3775273A16C700A52762 /* TextView.swift */ = {isa = PBXFileReference; lastKnownFileType = sourcecode.swift; path = TextView.swift; sourceTree = "<group>"; };
		F342CC1E26AEEF57001E0DF8 /* TagView.swift */ = {isa = PBXFileReference; lastKnownFileType = sourcecode.swift; path = TagView.swift; sourceTree = "<group>"; };
		F342CC2026AF1ACF001E0DF8 /* TagItemView.swift */ = {isa = PBXFileReference; lastKnownFileType = sourcecode.swift; path = TagItemView.swift; sourceTree = "<group>"; };
		F342CC2626B32C47001E0DF8 /* GalleryCollectionCoordinatesView.swift */ = {isa = PBXFileReference; lastKnownFileType = sourcecode.swift; path = GalleryCollectionCoordinatesView.swift; sourceTree = "<group>"; };
		F342CC2826B32CDA001E0DF8 /* GalleryCollectionTimeView.swift */ = {isa = PBXFileReference; lastKnownFileType = sourcecode.swift; path = GalleryCollectionTimeView.swift; sourceTree = "<group>"; };
		F342CC2A26B32D07001E0DF8 /* GalleryCollectionButtonsView.swift */ = {isa = PBXFileReference; lastKnownFileType = sourcecode.swift; path = GalleryCollectionButtonsView.swift; sourceTree = "<group>"; };
		F34E06A8267A82BA00F004EF /* TitleBarView.swift */ = {isa = PBXFileReference; lastKnownFileType = sourcecode.swift; path = TitleBarView.swift; sourceTree = "<group>"; };
		F34E06AA267A83B200F004EF /* LineView.swift */ = {isa = PBXFileReference; lastKnownFileType = sourcecode.swift; path = LineView.swift; sourceTree = "<group>"; };
		F34E06AC267A8D0000F004EF /* Label.swift */ = {isa = PBXFileReference; lastKnownFileType = sourcecode.swift; path = Label.swift; sourceTree = "<group>"; };
		F34E06B0267AB80C00F004EF /* StackView.swift */ = {isa = PBXFileReference; lastKnownFileType = sourcecode.swift; path = StackView.swift; sourceTree = "<group>"; };
		F34E06B2267AB94800F004EF /* TooltipView.swift */ = {isa = PBXFileReference; lastKnownFileType = sourcecode.swift; path = TooltipView.swift; sourceTree = "<group>"; };
		F34E06B8267ABB6E00F004EF /* TooltipWindow.swift */ = {isa = PBXFileReference; lastKnownFileType = sourcecode.swift; path = TooltipWindow.swift; sourceTree = "<group>"; };
		F34E06BA267ABDAC00F004EF /* PrimaryButton.swift */ = {isa = PBXFileReference; lastKnownFileType = sourcecode.swift; path = PrimaryButton.swift; sourceTree = "<group>"; };
		F34E06BC267B6FE100F004EF /* MenuView.swift */ = {isa = PBXFileReference; lastKnownFileType = sourcecode.swift; path = MenuView.swift; sourceTree = "<group>"; };
		F34E06BE267B6FFA00F004EF /* NotificationView.swift */ = {isa = PBXFileReference; lastKnownFileType = sourcecode.swift; path = NotificationView.swift; sourceTree = "<group>"; };
		F34E06C0267B716F00F004EF /* DynamicButton.swift */ = {isa = PBXFileReference; lastKnownFileType = sourcecode.swift; path = DynamicButton.swift; sourceTree = "<group>"; };
		F34E06C8267B7AF700F004EF /* NSView.swift */ = {isa = PBXFileReference; lastKnownFileType = sourcecode.swift; path = NSView.swift; sourceTree = "<group>"; };
		F34E06CA267B7B3100F004EF /* NSBezierPath.swift */ = {isa = PBXFileReference; lastKnownFileType = sourcecode.swift; path = NSBezierPath.swift; sourceTree = "<group>"; };
		F34E06CC267B7BA300F004EF /* GalleryCollectionContentView.swift */ = {isa = PBXFileReference; lastKnownFileType = sourcecode.swift; path = GalleryCollectionContentView.swift; sourceTree = "<group>"; };
		F34E06CE267B855F00F004EF /* GalleryCollectionViewItem.swift */ = {isa = PBXFileReference; lastKnownFileType = sourcecode.swift; path = GalleryCollectionViewItem.swift; sourceTree = "<group>"; };
		F34E06D0267B857400F004EF /* GalleryCollectionView.swift */ = {isa = PBXFileReference; lastKnownFileType = sourcecode.swift; path = GalleryCollectionView.swift; sourceTree = "<group>"; };
		F34E06D6267B87A700F004EF /* MainContentView.swift */ = {isa = PBXFileReference; lastKnownFileType = sourcecode.swift; path = MainContentView.swift; sourceTree = "<group>"; };
		F34E06D8267B886800F004EF /* ToolBarView.swift */ = {isa = PBXFileReference; lastKnownFileType = sourcecode.swift; path = ToolBarView.swift; sourceTree = "<group>"; };
		F34E06DA267B890700F004EF /* BottomBarView.swift */ = {isa = PBXFileReference; lastKnownFileType = sourcecode.swift; path = BottomBarView.swift; sourceTree = "<group>"; };
		F356C8A8272B318900E915C6 /* InteractiveLineChartCurve.swift */ = {isa = PBXFileReference; lastKnownFileType = sourcecode.swift; path = InteractiveLineChartCurve.swift; sourceTree = "<group>"; };
		F356C8AA272F479400E915C6 /* SubMenuPopUpButtonCell.swift */ = {isa = PBXFileReference; lastKnownFileType = sourcecode.swift; path = SubMenuPopUpButtonCell.swift; sourceTree = "<group>"; };
		F356C8AE272F596500E915C6 /* SubMenuPopUpButton.swift */ = {isa = PBXFileReference; lastKnownFileType = sourcecode.swift; path = SubMenuPopUpButton.swift; sourceTree = "<group>"; };
		F356C8B62734B97D00E915C6 /* TipContentView.swift */ = {isa = PBXFileReference; lastKnownFileType = sourcecode.swift; path = TipContentView.swift; sourceTree = "<group>"; };
		F360471126EAA1490009F725 /* CreateButtonsView.swift */ = {isa = PBXFileReference; lastKnownFileType = sourcecode.swift; path = CreateButtonsView.swift; sourceTree = "<group>"; };
		F360471726EAEF5A0009F725 /* GalleryCollectionTooltipHandler.swift */ = {isa = PBXFileReference; lastKnownFileType = sourcecode.swift; path = GalleryCollectionTooltipHandler.swift; sourceTree = "<group>"; };
		F36AD5E326E530C900314A02 /* GalleryCollectionLayout.swift */ = {isa = PBXFileReference; lastKnownFileType = sourcecode.swift; path = GalleryCollectionLayout.swift; sourceTree = "<group>"; };
		F36AD5E526E576BE00314A02 /* GalleryCollectionDataSource.swift */ = {isa = PBXFileReference; lastKnownFileType = sourcecode.swift; path = GalleryCollectionDataSource.swift; sourceTree = "<group>"; };
		F376572B267FC94400AC4191 /* TitleLineView.swift */ = {isa = PBXFileReference; lastKnownFileType = sourcecode.swift; path = TitleLineView.swift; sourceTree = "<group>"; };
		F37657312680008B00AC4191 /* TitleLabel.swift */ = {isa = PBXFileReference; lastKnownFileType = sourcecode.swift; path = TitleLabel.swift; sourceTree = "<group>"; };
		F37657332680048800AC4191 /* StyledLabel.swift */ = {isa = PBXFileReference; lastKnownFileType = sourcecode.swift; path = StyledLabel.swift; sourceTree = "<group>"; };
		F3837F0C2698E87C00671585 /* GalleryInternalCollectionView.swift */ = {isa = PBXFileReference; lastKnownFileType = sourcecode.swift; path = GalleryInternalCollectionView.swift; sourceTree = "<group>"; };
		F3893B76273A0DC0009FF22E /* SetContentView.swift */ = {isa = PBXFileReference; lastKnownFileType = sourcecode.swift; path = SetContentView.swift; sourceTree = "<group>"; };
		F38D5B11273EE0F60065E13D /* OverlayView.swift */ = {isa = PBXFileReference; lastKnownFileType = sourcecode.swift; path = OverlayView.swift; sourceTree = "<group>"; };
		F38FB107269FAD42007F8362 /* Button.swift */ = {isa = PBXFileReference; lastKnownFileType = sourcecode.swift; path = Button.swift; sourceTree = "<group>"; };
		F395A4B32BA2718B0013AFCE /* RoundedTitleView.swift */ = {isa = PBXFileReference; lastKnownFileType = sourcecode.swift; path = RoundedTitleView.swift; sourceTree = "<group>"; };
		F395A4B52BA649590013AFCE /* TooltipPresenter.swift */ = {isa = PBXFileReference; lastKnownFileType = sourcecode.swift; path = TooltipPresenter.swift; sourceTree = "<group>"; };
		F395A4B72BA742FD0013AFCE /* SolarTooltipHander.swift */ = {isa = PBXFileReference; lastKnownFileType = sourcecode.swift; path = SolarTooltipHander.swift; sourceTree = "<group>"; };
		F399A5022686319B00ED45EF /* DragView.swift */ = {isa = PBXFileReference; lastKnownFileType = sourcecode.swift; path = DragView.swift; sourceTree = "<group>"; };
		F399A504268645DC00ED45EF /* DashedView.swift */ = {isa = PBXFileReference; lastKnownFileType = sourcecode.swift; path = DashedView.swift; sourceTree = "<group>"; };
		F399A50A2686781900ED45EF /* GalleryCollectionImageView.swift */ = {isa = PBXFileReference; lastKnownFileType = sourcecode.swift; path = GalleryCollectionImageView.swift; sourceTree = "<group>"; };
		F3A7374E268E866800515952 /* AnimatedImageView.swift */ = {isa = PBXFileReference; lastKnownFileType = sourcecode.swift; path = AnimatedImageView.swift; sourceTree = "<group>"; };
		F3A73750268F837700515952 /* BorderProgressView.swift */ = {isa = PBXFileReference; lastKnownFileType = sourcecode.swift; path = BorderProgressView.swift; sourceTree = "<group>"; };
		F3A87555269CD9D8008CD4B0 /* FloatingTextField.swift */ = {isa = PBXFileReference; lastKnownFileType = sourcecode.swift; path = FloatingTextField.swift; sourceTree = "<group>"; };
		F3AC40FA26D152F0000A7253 /* GalleryModel.swift */ = {isa = PBXFileReference; lastKnownFileType = sourcecode.swift; path = GalleryModel.swift; sourceTree = "<group>"; };
		F3AC40FC26D15446000A7253 /* GalleryTextList.swift */ = {isa = PBXFileReference; lastKnownFileType = sourcecode.swift; path = GalleryTextList.swift; sourceTree = "<group>"; };
		F3AC410626D3E27C000A7253 /* TypeView.swift */ = {isa = PBXFileReference; lastKnownFileType = sourcecode.swift; path = TypeView.swift; sourceTree = "<group>"; };
		F3AC410826D3E289000A7253 /* TypeItemView.swift */ = {isa = PBXFileReference; lastKnownFileType = sourcecode.swift; path = TypeItemView.swift; sourceTree = "<group>"; };
		F3AC411126D58AFD000A7253 /* RootContentView.swift */ = {isa = PBXFileReference; lastKnownFileType = sourcecode.swift; path = RootContentView.swift; sourceTree = "<group>"; };
		F3BD017F26C16B790090D864 /* RoundedFloatingTextField.swift */ = {isa = PBXFileReference; lastKnownFileType = sourcecode.swift; path = RoundedFloatingTextField.swift; sourceTree = "<group>"; };
		F3BD018126C1F0AC0090D864 /* RoundedDatePicker.swift */ = {isa = PBXFileReference; lastKnownFileType = sourcecode.swift; path = RoundedDatePicker.swift; sourceTree = "<group>"; };
		F3CBF493267F940500087660 /* View.swift */ = {isa = PBXFileReference; lastKnownFileType = sourcecode.swift; path = View.swift; sourceTree = "<group>"; };
		F3D2EE28267DD29B009704C5 /* EquinoxUI.framework */ = {isa = PBXFileReference; explicitFileType = wrapper.framework; includeInIndex = 0; path = EquinoxUI.framework; sourceTree = BUILT_PRODUCTS_DIR; };
		F3D2EE2C267DD29B009704C5 /* Info.plist */ = {isa = PBXFileReference; lastKnownFileType = text.plist.xml; path = Info.plist; sourceTree = "<group>"; };
		F3D2EE43267DEDAA009704C5 /* VisualEffectView.swift */ = {isa = PBXFileReference; lastKnownFileType = sourcecode.swift; path = VisualEffectView.swift; sourceTree = "<group>"; };
		F3D2EE46267DF125009704C5 /* Window.swift */ = {isa = PBXFileReference; lastKnownFileType = sourcecode.swift; path = Window.swift; sourceTree = "<group>"; };
		F3D9F23826C064A900CF816C /* SolarMainContentView.swift */ = {isa = PBXFileReference; lastKnownFileType = sourcecode.swift; path = SolarMainContentView.swift; sourceTree = "<group>"; };
		F3E0D719267CF1C90077DBAB /* WindowContentView.swift */ = {isa = PBXFileReference; lastKnownFileType = sourcecode.swift; path = WindowContentView.swift; sourceTree = "<group>"; };
		F3E7B04226A4EE4600287C60 /* AppearanceContentView.swift */ = {isa = PBXFileReference; lastKnownFileType = sourcecode.swift; path = AppearanceContentView.swift; sourceTree = "<group>"; };
		F3E7B04A26A64D1700287C60 /* AppearanceType.swift */ = {isa = PBXFileReference; lastKnownFileType = sourcecode.swift; path = AppearanceType.swift; sourceTree = "<group>"; };
		F3E7B05126A7136900287C60 /* AppearanceItemView.swift */ = {isa = PBXFileReference; lastKnownFileType = sourcecode.swift; path = AppearanceItemView.swift; sourceTree = "<group>"; };
		F3E7B05326A713D300287C60 /* AppearanceStyleView.swift */ = {isa = PBXFileReference; lastKnownFileType = sourcecode.swift; path = AppearanceStyleView.swift; sourceTree = "<group>"; };
		F3E7B05B26ADB06400287C60 /* GalleryContentView.swift */ = {isa = PBXFileReference; lastKnownFileType = sourcecode.swift; path = GalleryContentView.swift; sourceTree = "<group>"; };
		F3EC93AA26C99DF50032FA39 /* ImageView.swift */ = {isa = PBXFileReference; lastKnownFileType = sourcecode.swift; path = ImageView.swift; sourceTree = "<group>"; };
		F3EC93AC26C9D51E0032FA39 /* SolarLocationView.swift */ = {isa = PBXFileReference; lastKnownFileType = sourcecode.swift; path = SolarLocationView.swift; sourceTree = "<group>"; };
		F3EC93AE26C9D53E0032FA39 /* SolarResultView.swift */ = {isa = PBXFileReference; lastKnownFileType = sourcecode.swift; path = SolarResultView.swift; sourceTree = "<group>"; };
		F3FEC7E527277F2800C8F439 /* InteractiveLineChart.swift */ = {isa = PBXFileReference; lastKnownFileType = sourcecode.swift; path = InteractiveLineChart.swift; sourceTree = "<group>"; };
		F3FEC7E727278DFE00C8F439 /* SolarTimelineView.swift */ = {isa = PBXFileReference; lastKnownFileType = sourcecode.swift; path = SolarTimelineView.swift; sourceTree = "<group>"; };
/* End PBXFileReference section */

/* Begin PBXFrameworksBuildPhase section */
		F3D2EE25267DD29B009704C5 /* Frameworks */ = {
			isa = PBXFrameworksBuildPhase;
			buildActionMask = 2147483647;
			files = (
			);
			runOnlyForDeploymentPostprocessing = 0;
		};
/* End PBXFrameworksBuildPhase section */

/* Begin PBXGroup section */
		F329B3CC26F1452F00A31035 /* Welcome */ = {
			isa = PBXGroup;
			children = (
				F329B3CD26F1453F00A31035 /* WelcomeContentView.swift */,
			);
			path = Welcome;
			sourceTree = "<group>";
		};
		F34E06C5267B7A8800F004EF /* Extensions */ = {
			isa = PBXGroup;
			children = (
				F34E06C8267B7AF700F004EF /* NSView.swift */,
				F34E06CA267B7B3100F004EF /* NSBezierPath.swift */,
			);
			path = Extensions;
			sourceTree = "<group>";
		};
		F356C8B52734B95F00E915C6 /* Tip */ = {
			isa = PBXGroup;
			children = (
				F356C8B62734B97D00E915C6 /* TipContentView.swift */,
			);
			path = Tip;
			sourceTree = "<group>";
		};
		F36AD5E726E586F600314A02 /* Wallpaper */ = {
			isa = PBXGroup;
			children = (
				F3E7B04D26A7122B00287C60 /* Main */,
				F3E7B05A26ADAEDE00287C60 /* Gallery */,
				F3E7B04F26A7123400287C60 /* Appearance */,
				F3E7B04E26A7123000287C60 /* Create */,
				F3893B75273A0DAB009FF22E /* Set */,
			);
			path = Wallpaper;
			sourceTree = "<group>";
		};
		F36AD5EA26E5874F00314A02 /* Root */ = {
			isa = PBXGroup;
			children = (
				F3AC411126D58AFD000A7253 /* RootContentView.swift */,
			);
			path = Root;
			sourceTree = "<group>";
		};
		F376572F267FF43700AC4191 /* Content */ = {
			isa = PBXGroup;
			children = (
				F3E7B04C26A7122600287C60 /* Window */,
				F36AD5EA26E5874F00314A02 /* Root */,
				F329B3CC26F1452F00A31035 /* Welcome */,
				F36AD5E726E586F600314A02 /* Wallpaper */,
				F3D9F23726C0649C00CF816C /* Solar */,
				F356C8B52734B95F00E915C6 /* Tip */,
			);
			path = Content;
			sourceTree = "<group>";
		};
		F3765730267FF4B900AC4191 /* Common */ = {
			isa = PBXGroup;
			children = (
				F3CBF493267F940500087660 /* View.swift */,
				F3D2EE43267DEDAA009704C5 /* VisualEffectView.swift */,
				F34E06B0267AB80C00F004EF /* StackView.swift */,
				F34E06AC267A8D0000F004EF /* Label.swift */,
				F38FB107269FAD42007F8362 /* Button.swift */,
				F3EC93AA26C99DF50032FA39 /* ImageView.swift */,
				F32F3775273A16C700A52762 /* TextView.swift */,
				F37657332680048800AC4191 /* StyledLabel.swift */,
				F3140D01268221C60058EB60 /* PushButton.swift */,
				F30C86E326DC557200F93E60 /* RoundedPushButton.swift */,
				F38D5B11273EE0F60065E13D /* OverlayView.swift */,
				F3140D0C268361BC0058EB60 /* TabView.swift */,
				F3140D0E268374EB0058EB60 /* TabItemView.swift */,
				F342CC1E26AEEF57001E0DF8 /* TagView.swift */,
				F342CC2026AF1ACF001E0DF8 /* TagItemView.swift */,
				F34E06B2267AB94800F004EF /* TooltipView.swift */,
				F34E06BC267B6FE100F004EF /* MenuView.swift */,
				F399A504268645DC00ED45EF /* DashedView.swift */,
				F34E06BE267B6FFA00F004EF /* NotificationView.swift */,
				F34E06AA267A83B200F004EF /* LineView.swift */,
				F34E06BA267ABDAC00F004EF /* PrimaryButton.swift */,
				F34E06C0267B716F00F004EF /* DynamicButton.swift */,
				F3A7374E268E866800515952 /* AnimatedImageView.swift */,
				F31A9E2726E6D95B00135E49 /* DragAnimatedImageView.swift */,
				F3A87555269CD9D8008CD4B0 /* FloatingTextField.swift */,
				F3BD017F26C16B790090D864 /* RoundedFloatingTextField.swift */,
				F3BD018126C1F0AC0090D864 /* RoundedDatePicker.swift */,
				F37657312680008B00AC4191 /* TitleLabel.swift */,
				F3A73750268F837700515952 /* BorderProgressView.swift */,
				F34E06D8267B886800F004EF /* ToolBarView.swift */,
				F34E06DA267B890700F004EF /* BottomBarView.swift */,
				F399A5022686319B00ED45EF /* DragView.swift */,
				F30C86D126D6947100F93E60 /* ContainerButton.swift */,
				F34E06A8267A82BA00F004EF /* TitleBarView.swift */,
				F376572B267FC94400AC4191 /* TitleLineView.swift */,
				F3FEC7E527277F2800C8F439 /* InteractiveLineChart.swift */,
				F356C8A8272B318900E915C6 /* InteractiveLineChartCurve.swift */,
				F356C8AE272F596500E915C6 /* SubMenuPopUpButton.swift */,
				F356C8AA272F479400E915C6 /* SubMenuPopUpButtonCell.swift */,
				F3AC410626D3E27C000A7253 /* TypeView.swift */,
				F3AC410826D3E289000A7253 /* TypeItemView.swift */,
				F395A4B32BA2718B0013AFCE /* RoundedTitleView.swift */,
				F395A4B52BA649590013AFCE /* TooltipPresenter.swift */,
			);
			path = Common;
			sourceTree = "<group>";
		};
		F3893B75273A0DAB009FF22E /* Set */ = {
			isa = PBXGroup;
			children = (
				F3893B76273A0DC0009FF22E /* SetContentView.swift */,
			);
			path = Set;
			sourceTree = "<group>";
		};
		F3D2EE1E267DD29B009704C5 = {
			isa = PBXGroup;
			children = (
				F3D2EE2A267DD29B009704C5 /* EquinoxUI */,
				F3D2EE29267DD29B009704C5 /* Products */,
			);
			sourceTree = "<group>";
		};
		F3D2EE29267DD29B009704C5 /* Products */ = {
			isa = PBXGroup;
			children = (
				F3D2EE28267DD29B009704C5 /* EquinoxUI.framework */,
			);
			name = Products;
			sourceTree = "<group>";
		};
		F3D2EE2A267DD29B009704C5 /* EquinoxUI */ = {
			isa = PBXGroup;
			children = (
				F34E06C5267B7A8800F004EF /* Extensions */,
				F3E7B04926A64D0A00287C60 /* Presentation Models */,
				F3D2EE3A267DEC15009704C5 /* Views */,
				F3D2EE45267DF115009704C5 /* Windows */,
				F3D2EE33267DD2B7009704C5 /* Resources */,
			);
			path = EquinoxUI;
			sourceTree = "<group>";
		};
		F3D2EE33267DD2B7009704C5 /* Resources */ = {
			isa = PBXGroup;
			children = (
				F3D2EE2C267DD29B009704C5 /* Info.plist */,
			);
			path = Resources;
			sourceTree = "<group>";
		};
		F3D2EE3A267DEC15009704C5 /* Views */ = {
			isa = PBXGroup;
			children = (
				F3765730267FF4B900AC4191 /* Common */,
				F376572F267FF43700AC4191 /* Content */,
			);
			path = Views;
			sourceTree = "<group>";
		};
		F3D2EE45267DF115009704C5 /* Windows */ = {
			isa = PBXGroup;
			children = (
				F3D2EE46267DF125009704C5 /* Window.swift */,
				F34E06B8267ABB6E00F004EF /* TooltipWindow.swift */,
			);
			path = Windows;
			sourceTree = "<group>";
		};
		F3D9F23726C0649C00CF816C /* Solar */ = {
			isa = PBXGroup;
			children = (
				F3D9F23826C064A900CF816C /* SolarMainContentView.swift */,
				F3EC93AC26C9D51E0032FA39 /* SolarLocationView.swift */,
				F3FEC7E727278DFE00C8F439 /* SolarTimelineView.swift */,
				F3EC93AE26C9D53E0032FA39 /* SolarResultView.swift */,
				F395A4B72BA742FD0013AFCE /* SolarTooltipHander.swift */,
			);
			path = Solar;
			sourceTree = "<group>";
		};
		F3E7B04926A64D0A00287C60 /* Presentation Models */ = {
			isa = PBXGroup;
			children = (
				F3E7B04A26A64D1700287C60 /* AppearanceType.swift */,
				F3AC40FA26D152F0000A7253 /* GalleryModel.swift */,
				F3AC40FC26D15446000A7253 /* GalleryTextList.swift */,
				F30C86E126D7247500F93E60 /* GalleryData.swift */,
			);
			path = "Presentation Models";
			sourceTree = "<group>";
		};
		F3E7B04C26A7122600287C60 /* Window */ = {
			isa = PBXGroup;
			children = (
				F3E0D719267CF1C90077DBAB /* WindowContentView.swift */,
			);
			path = Window;
			sourceTree = "<group>";
		};
		F3E7B04D26A7122B00287C60 /* Main */ = {
			isa = PBXGroup;
			children = (
				F34E06D6267B87A700F004EF /* MainContentView.swift */,
			);
			path = Main;
			sourceTree = "<group>";
		};
		F3E7B04E26A7123000287C60 /* Create */ = {
			isa = PBXGroup;
			children = (
				F3140D062682BBF10058EB60 /* CreateContentView.swift */,
				F32C64A126FD43C8002F5817 /* CreateHeaderView.swift */,
				F32C649F26FD3E00002F5817 /* CreateBottomView.swift */,
				F360471126EAA1490009F725 /* CreateButtonsView.swift */,
				F32C649B26FCF79D002F5817 /* CreateAnimatedImageView.swift */,
			);
			path = Create;
			sourceTree = "<group>";
		};
		F3E7B04F26A7123400287C60 /* Appearance */ = {
			isa = PBXGroup;
			children = (
				F3E7B04226A4EE4600287C60 /* AppearanceContentView.swift */,
				F3E7B05126A7136900287C60 /* AppearanceItemView.swift */,
				F3E7B05326A713D300287C60 /* AppearanceStyleView.swift */,
			);
			path = Appearance;
			sourceTree = "<group>";
		};
		F3E7B05A26ADAEDE00287C60 /* Gallery */ = {
			isa = PBXGroup;
			children = (
				F3E7B05B26ADB06400287C60 /* GalleryContentView.swift */,
				F34E06D0267B857400F004EF /* GalleryCollectionView.swift */,
				F3837F0C2698E87C00671585 /* GalleryInternalCollectionView.swift */,
				F36AD5E526E576BE00314A02 /* GalleryCollectionDataSource.swift */,
				F36AD5E326E530C900314A02 /* GalleryCollectionLayout.swift */,
				F34E06CE267B855F00F004EF /* GalleryCollectionViewItem.swift */,
				F30C86DD26D6F84900F93E60 /* GalleryCollectionFooterItem.swift */,
				F32C649926FB68D8002F5817 /* GalleryCollectionFooterView.swift */,
				F30C86DF26D701C600F93E60 /* GalleryCollectionInnerGapItem.swift */,
				F34E06CC267B7BA300F004EF /* GalleryCollectionContentView.swift */,
				F360471726EAEF5A0009F725 /* GalleryCollectionTooltipHandler.swift */,
				F342CC2A26B32D07001E0DF8 /* GalleryCollectionButtonsView.swift */,
				F342CC2626B32C47001E0DF8 /* GalleryCollectionCoordinatesView.swift */,
				F342CC2826B32CDA001E0DF8 /* GalleryCollectionTimeView.swift */,
				F399A50A2686781900ED45EF /* GalleryCollectionImageView.swift */,
			);
			path = Gallery;
			sourceTree = "<group>";
		};
/* End PBXGroup section */

/* Begin PBXHeadersBuildPhase section */
		F3D2EE23267DD29B009704C5 /* Headers */ = {
			isa = PBXHeadersBuildPhase;
			buildActionMask = 2147483647;
			files = (
			);
			runOnlyForDeploymentPostprocessing = 0;
		};
/* End PBXHeadersBuildPhase section */

/* Begin PBXNativeTarget section */
		F3D2EE27267DD29B009704C5 /* EquinoxUI */ = {
			isa = PBXNativeTarget;
			buildConfigurationList = F3D2EE30267DD29B009704C5 /* Build configuration list for PBXNativeTarget "EquinoxUI" */;
			buildPhases = (
				F3D2EE23267DD29B009704C5 /* Headers */,
				F3D2EE24267DD29B009704C5 /* Sources */,
				F3D2EE25267DD29B009704C5 /* Frameworks */,
				F3D2EE26267DD29B009704C5 /* Resources */,
			);
			buildRules = (
			);
			dependencies = (
			);
			name = EquinoxUI;
			productName = EquinoxUI;
			productReference = F3D2EE28267DD29B009704C5 /* EquinoxUI.framework */;
			productType = "com.apple.product-type.framework";
		};
/* End PBXNativeTarget section */

/* Begin PBXProject section */
		F3D2EE1F267DD29B009704C5 /* Project object */ = {
			isa = PBXProject;
			attributes = {
				BuildIndependentTargetsInParallel = YES;
				LastUpgradeCheck = 1520;
				TargetAttributes = {
					F3D2EE27267DD29B009704C5 = {
						CreatedOnToolsVersion = 12.5;
						LastSwiftMigration = 1250;
					};
				};
			};
			buildConfigurationList = F3D2EE22267DD29B009704C5 /* Build configuration list for PBXProject "EquinoxUI" */;
			compatibilityVersion = "Xcode 9.3";
			developmentRegion = en;
			hasScannedForEncodings = 0;
			knownRegions = (
				en,
				Base,
			);
			mainGroup = F3D2EE1E267DD29B009704C5;
			productRefGroup = F3D2EE29267DD29B009704C5 /* Products */;
			projectDirPath = "";
			projectRoot = "";
			targets = (
				F3D2EE27267DD29B009704C5 /* EquinoxUI */,
			);
		};
/* End PBXProject section */

/* Begin PBXResourcesBuildPhase section */
		F3D2EE26267DD29B009704C5 /* Resources */ = {
			isa = PBXResourcesBuildPhase;
			buildActionMask = 2147483647;
			files = (
			);
			runOnlyForDeploymentPostprocessing = 0;
		};
/* End PBXResourcesBuildPhase section */

/* Begin PBXSourcesBuildPhase section */
		F3D2EE24267DD29B009704C5 /* Sources */ = {
			isa = PBXSourcesBuildPhase;
			buildActionMask = 2147483647;
			files = (
				F395A4B82BA742FD0013AFCE /* SolarTooltipHander.swift in Sources */,
				F329B3CE26F1453F00A31035 /* WelcomeContentView.swift in Sources */,
				F356C8A9272B318900E915C6 /* InteractiveLineChartCurve.swift in Sources */,
				F34E06B9267ABB6E00F004EF /* TooltipWindow.swift in Sources */,
				F3BD018026C16B790090D864 /* RoundedFloatingTextField.swift in Sources */,
				F37657342680048800AC4191 /* StyledLabel.swift in Sources */,
				F3EC93AB26C99DF50032FA39 /* ImageView.swift in Sources */,
				F3FEC7E827278DFE00C8F439 /* SolarTimelineView.swift in Sources */,
				F36AD5E626E576BE00314A02 /* GalleryCollectionDataSource.swift in Sources */,
				F38D5B12273EE0F60065E13D /* OverlayView.swift in Sources */,
				F30C86E426DC557200F93E60 /* RoundedPushButton.swift in Sources */,
				F3140D02268221C60058EB60 /* PushButton.swift in Sources */,
				F3D9F23926C064A900CF816C /* SolarMainContentView.swift in Sources */,
				F3A73751268F837700515952 /* BorderProgressView.swift in Sources */,
				F3140D0F268374EB0058EB60 /* TabItemView.swift in Sources */,
				F34E06A9267A82BA00F004EF /* TitleBarView.swift in Sources */,
				F34E06CB267B7B3100F004EF /* NSBezierPath.swift in Sources */,
				F376572C267FC94400AC4191 /* TitleLineView.swift in Sources */,
				F3AC410726D3E27C000A7253 /* TypeView.swift in Sources */,
				F356C8AF272F596500E915C6 /* SubMenuPopUpButton.swift in Sources */,
				F342CC2B26B32D07001E0DF8 /* GalleryCollectionButtonsView.swift in Sources */,
				F3AC411226D58AFD000A7253 /* RootContentView.swift in Sources */,
				F30C86E026D701C600F93E60 /* GalleryCollectionInnerGapItem.swift in Sources */,
				F3A7374F268E866800515952 /* AnimatedImageView.swift in Sources */,
				F356C8AB272F479500E915C6 /* SubMenuPopUpButtonCell.swift in Sources */,
				F38FB108269FAD42007F8362 /* Button.swift in Sources */,
				F342CC2126AF1ACF001E0DF8 /* TagItemView.swift in Sources */,
				F3EC93AD26C9D51E0032FA39 /* SolarLocationView.swift in Sources */,
				F34E06BB267ABDAC00F004EF /* PrimaryButton.swift in Sources */,
				F399A50B2686781900ED45EF /* GalleryCollectionImageView.swift in Sources */,
				F32F3776273A16C700A52762 /* TextView.swift in Sources */,
				F34E06C9267B7AF700F004EF /* NSView.swift in Sources */,
				F32C64A226FD43C8002F5817 /* CreateHeaderView.swift in Sources */,
				F3893B77273A0DC0009FF22E /* SetContentView.swift in Sources */,
				F399A505268645DC00ED45EF /* DashedView.swift in Sources */,
				F360471226EAA1490009F725 /* CreateButtonsView.swift in Sources */,
				F3BD018226C1F0AC0090D864 /* RoundedDatePicker.swift in Sources */,
				F3AC40FD26D15446000A7253 /* GalleryTextList.swift in Sources */,
				F34E06AD267A8D0000F004EF /* Label.swift in Sources */,
				F30C86DE26D6F84900F93E60 /* GalleryCollectionFooterItem.swift in Sources */,
				F3E7B05226A7136900287C60 /* AppearanceItemView.swift in Sources */,
				F34E06BD267B6FE100F004EF /* MenuView.swift in Sources */,
				F3E7B05C26ADB06400287C60 /* GalleryContentView.swift in Sources */,
				F3140D0D268361BC0058EB60 /* TabView.swift in Sources */,
				F32C649C26FCF79D002F5817 /* CreateAnimatedImageView.swift in Sources */,
				F3AC410926D3E289000A7253 /* TypeItemView.swift in Sources */,
				F360471826EAEF5A0009F725 /* GalleryCollectionTooltipHandler.swift in Sources */,
				F37657322680008B00AC4191 /* TitleLabel.swift in Sources */,
				F342CC2726B32C47001E0DF8 /* GalleryCollectionCoordinatesView.swift in Sources */,
				F342CC1F26AEEF57001E0DF8 /* TagView.swift in Sources */,
				F3140D072682BBF10058EB60 /* CreateContentView.swift in Sources */,
				F30C86D226D6947100F93E60 /* ContainerButton.swift in Sources */,
				F356C8B72734B97D00E915C6 /* TipContentView.swift in Sources */,
				F34E06D9267B886800F004EF /* ToolBarView.swift in Sources */,
				F34E06D7267B87A700F004EF /* MainContentView.swift in Sources */,
				F3E7B04326A4EE4600287C60 /* AppearanceContentView.swift in Sources */,
				F32C649A26FB68D8002F5817 /* GalleryCollectionFooterView.swift in Sources */,
				F399A5032686319B00ED45EF /* DragView.swift in Sources */,
				F3D2EE44267DEDAA009704C5 /* VisualEffectView.swift in Sources */,
				F34E06B1267AB80C00F004EF /* StackView.swift in Sources */,
				F3AC40FB26D152F0000A7253 /* GalleryModel.swift in Sources */,
				F3FEC7E627277F2800C8F439 /* InteractiveLineChart.swift in Sources */,
				F342CC2926B32CDA001E0DF8 /* GalleryCollectionTimeView.swift in Sources */,
				F3E7B05426A713D300287C60 /* AppearanceStyleView.swift in Sources */,
				F34E06AB267A83B200F004EF /* LineView.swift in Sources */,
				F30C86E226D7247500F93E60 /* GalleryData.swift in Sources */,
				F3D2EE47267DF125009704C5 /* Window.swift in Sources */,
				F34E06B3267AB94800F004EF /* TooltipView.swift in Sources */,
				F34E06CF267B855F00F004EF /* GalleryCollectionViewItem.swift in Sources */,
				F395A4B42BA2718B0013AFCE /* RoundedTitleView.swift in Sources */,
				F36AD5E426E530C900314A02 /* GalleryCollectionLayout.swift in Sources */,
				F3E0D71A267CF1C90077DBAB /* WindowContentView.swift in Sources */,
				F34E06CD267B7BA300F004EF /* GalleryCollectionContentView.swift in Sources */,
				F395A4B62BA649590013AFCE /* TooltipPresenter.swift in Sources */,
				F3E7B04B26A64D1700287C60 /* AppearanceType.swift in Sources */,
				F3837F0D2698E87C00671585 /* GalleryInternalCollectionView.swift in Sources */,
				F31A9E2826E6D95B00135E49 /* DragAnimatedImageView.swift in Sources */,
				F3A87556269CD9D8008CD4B0 /* FloatingTextField.swift in Sources */,
				F34E06BF267B6FFA00F004EF /* NotificationView.swift in Sources */,
				F34E06C1267B716F00F004EF /* DynamicButton.swift in Sources */,
				F3CBF494267F940500087660 /* View.swift in Sources */,
				F3EC93AF26C9D53E0032FA39 /* SolarResultView.swift in Sources */,
				F34E06D1267B857400F004EF /* GalleryCollectionView.swift in Sources */,
				F32C64A026FD3E01002F5817 /* CreateBottomView.swift in Sources */,
				F34E06DB267B890700F004EF /* BottomBarView.swift in Sources */,
			);
			runOnlyForDeploymentPostprocessing = 0;
		};
/* End PBXSourcesBuildPhase section */

/* Begin XCBuildConfiguration section */
		F3D2EE2E267DD29B009704C5 /* Debug */ = {
			isa = XCBuildConfiguration;
			buildSettings = {
				ALWAYS_SEARCH_USER_PATHS = NO;
				CLANG_ANALYZER_NONNULL = YES;
				CLANG_ANALYZER_NUMBER_OBJECT_CONVERSION = YES_AGGRESSIVE;
				CLANG_CXX_LANGUAGE_STANDARD = "gnu++14";
				CLANG_CXX_LIBRARY = "libc++";
				CLANG_ENABLE_MODULES = YES;
				CLANG_ENABLE_OBJC_ARC = YES;
				CLANG_ENABLE_OBJC_WEAK = YES;
				CLANG_WARN_BLOCK_CAPTURE_AUTORELEASING = YES;
				CLANG_WARN_BOOL_CONVERSION = YES;
				CLANG_WARN_COMMA = YES;
				CLANG_WARN_CONSTANT_CONVERSION = YES;
				CLANG_WARN_DEPRECATED_OBJC_IMPLEMENTATIONS = YES;
				CLANG_WARN_DIRECT_OBJC_ISA_USAGE = YES_ERROR;
				CLANG_WARN_DOCUMENTATION_COMMENTS = YES;
				CLANG_WARN_EMPTY_BODY = YES;
				CLANG_WARN_ENUM_CONVERSION = YES;
				CLANG_WARN_INFINITE_RECURSION = YES;
				CLANG_WARN_INT_CONVERSION = YES;
				CLANG_WARN_NON_LITERAL_NULL_CONVERSION = YES;
				CLANG_WARN_OBJC_IMPLICIT_RETAIN_SELF = YES;
				CLANG_WARN_OBJC_LITERAL_CONVERSION = YES;
				CLANG_WARN_OBJC_ROOT_CLASS = YES_ERROR;
				CLANG_WARN_QUOTED_INCLUDE_IN_FRAMEWORK_HEADER = YES;
				CLANG_WARN_RANGE_LOOP_ANALYSIS = YES;
				CLANG_WARN_STRICT_PROTOTYPES = YES;
				CLANG_WARN_SUSPICIOUS_MOVE = YES;
				CLANG_WARN_UNGUARDED_AVAILABILITY = YES_AGGRESSIVE;
				CLANG_WARN_UNREACHABLE_CODE = YES;
				CLANG_WARN__DUPLICATE_METHOD_MATCH = YES;
				COPY_PHASE_STRIP = NO;
				CURRENT_PROJECT_VERSION = 4.0;
				DEAD_CODE_STRIPPING = YES;
				DEBUG_INFORMATION_FORMAT = dwarf;
				ENABLE_STRICT_OBJC_MSGSEND = YES;
				ENABLE_TESTABILITY = YES;
				ENABLE_USER_SCRIPT_SANDBOXING = YES;
				GCC_C_LANGUAGE_STANDARD = gnu11;
				GCC_DYNAMIC_NO_PIC = NO;
				GCC_NO_COMMON_BLOCKS = YES;
				GCC_OPTIMIZATION_LEVEL = 0;
				GCC_PREPROCESSOR_DEFINITIONS = (
					"DEBUG=1",
					"$(inherited)",
				);
				GCC_WARN_64_TO_32_BIT_CONVERSION = YES;
				GCC_WARN_ABOUT_RETURN_TYPE = YES_ERROR;
				GCC_WARN_UNDECLARED_SELECTOR = YES;
				GCC_WARN_UNINITIALIZED_AUTOS = YES_AGGRESSIVE;
				GCC_WARN_UNUSED_FUNCTION = YES;
				GCC_WARN_UNUSED_VARIABLE = YES;
				MACOSX_DEPLOYMENT_TARGET = 10.14;
				MTL_ENABLE_DEBUG_INFO = INCLUDE_SOURCE;
				MTL_FAST_MATH = YES;
				ONLY_ACTIVE_ARCH = YES;
				SDKROOT = macosx;
				SWIFT_ACTIVE_COMPILATION_CONDITIONS = DEBUG;
				SWIFT_OPTIMIZATION_LEVEL = "-Onone";
				SWIFT_VERSION = 5.0;
				VERSIONING_SYSTEM = "apple-generic";
				VERSION_INFO_PREFIX = "";
			};
			name = Debug;
		};
		F3D2EE2F267DD29B009704C5 /* Release */ = {
			isa = XCBuildConfiguration;
			buildSettings = {
				ALWAYS_SEARCH_USER_PATHS = NO;
				CLANG_ANALYZER_NONNULL = YES;
				CLANG_ANALYZER_NUMBER_OBJECT_CONVERSION = YES_AGGRESSIVE;
				CLANG_CXX_LANGUAGE_STANDARD = "gnu++14";
				CLANG_CXX_LIBRARY = "libc++";
				CLANG_ENABLE_MODULES = YES;
				CLANG_ENABLE_OBJC_ARC = YES;
				CLANG_ENABLE_OBJC_WEAK = YES;
				CLANG_WARN_BLOCK_CAPTURE_AUTORELEASING = YES;
				CLANG_WARN_BOOL_CONVERSION = YES;
				CLANG_WARN_COMMA = YES;
				CLANG_WARN_CONSTANT_CONVERSION = YES;
				CLANG_WARN_DEPRECATED_OBJC_IMPLEMENTATIONS = YES;
				CLANG_WARN_DIRECT_OBJC_ISA_USAGE = YES_ERROR;
				CLANG_WARN_DOCUMENTATION_COMMENTS = YES;
				CLANG_WARN_EMPTY_BODY = YES;
				CLANG_WARN_ENUM_CONVERSION = YES;
				CLANG_WARN_INFINITE_RECURSION = YES;
				CLANG_WARN_INT_CONVERSION = YES;
				CLANG_WARN_NON_LITERAL_NULL_CONVERSION = YES;
				CLANG_WARN_OBJC_IMPLICIT_RETAIN_SELF = YES;
				CLANG_WARN_OBJC_LITERAL_CONVERSION = YES;
				CLANG_WARN_OBJC_ROOT_CLASS = YES_ERROR;
				CLANG_WARN_QUOTED_INCLUDE_IN_FRAMEWORK_HEADER = YES;
				CLANG_WARN_RANGE_LOOP_ANALYSIS = YES;
				CLANG_WARN_STRICT_PROTOTYPES = YES;
				CLANG_WARN_SUSPICIOUS_MOVE = YES;
				CLANG_WARN_UNGUARDED_AVAILABILITY = YES_AGGRESSIVE;
				CLANG_WARN_UNREACHABLE_CODE = YES;
				CLANG_WARN__DUPLICATE_METHOD_MATCH = YES;
				COPY_PHASE_STRIP = NO;
				CURRENT_PROJECT_VERSION = 4.0;
				DEAD_CODE_STRIPPING = YES;
				DEBUG_INFORMATION_FORMAT = "dwarf-with-dsym";
				ENABLE_NS_ASSERTIONS = NO;
				ENABLE_STRICT_OBJC_MSGSEND = YES;
				ENABLE_USER_SCRIPT_SANDBOXING = YES;
				GCC_C_LANGUAGE_STANDARD = gnu11;
				GCC_NO_COMMON_BLOCKS = YES;
				GCC_WARN_64_TO_32_BIT_CONVERSION = YES;
				GCC_WARN_ABOUT_RETURN_TYPE = YES_ERROR;
				GCC_WARN_UNDECLARED_SELECTOR = YES;
				GCC_WARN_UNINITIALIZED_AUTOS = YES_AGGRESSIVE;
				GCC_WARN_UNUSED_FUNCTION = YES;
				GCC_WARN_UNUSED_VARIABLE = YES;
				MACOSX_DEPLOYMENT_TARGET = 10.14;
				MTL_ENABLE_DEBUG_INFO = NO;
				MTL_FAST_MATH = YES;
				SDKROOT = macosx;
				SWIFT_COMPILATION_MODE = wholemodule;
				SWIFT_OPTIMIZATION_LEVEL = "-O";
				SWIFT_VERSION = 5.0;
				VERSIONING_SYSTEM = "apple-generic";
				VERSION_INFO_PREFIX = "";
			};
			name = Release;
		};
		F3D2EE31267DD29B009704C5 /* Debug */ = {
			isa = XCBuildConfiguration;
			buildSettings = {
				CLANG_ENABLE_MODULES = YES;
				CODE_SIGN_STYLE = Automatic;
				COMBINE_HIDPI_IMAGES = YES;
				CURRENT_PROJECT_VERSION = 4.0;
				DEAD_CODE_STRIPPING = YES;
				DEFINES_MODULE = YES;
				DYLIB_COMPATIBILITY_VERSION = 1;
				DYLIB_CURRENT_VERSION = 1;
				DYLIB_INSTALL_NAME_BASE = "@rpath";
				ENABLE_MODULE_VERIFIER = NO;
				INFOPLIST_FILE = EquinoxUI/Resources/Info.plist;
				INSTALL_PATH = "$(LOCAL_LIBRARY_DIR)/Frameworks";
				LD_RUNPATH_SEARCH_PATHS = (
					"$(inherited)",
					"@executable_path/../Frameworks",
					"@loader_path/Frameworks",
				);
				MACOSX_DEPLOYMENT_TARGET = 10.14;
				MODULE_VERIFIER_SUPPORTED_LANGUAGES = "";
				MODULE_VERIFIER_SUPPORTED_LANGUAGE_STANDARDS = "";
				PRODUCT_BUNDLE_IDENTIFIER = com.rlxone.EquinoxUI;
				PRODUCT_NAME = "$(TARGET_NAME:c99extidentifier)";
				SKIP_INSTALL = YES;
				SWIFT_OPTIMIZATION_LEVEL = "-Onone";
				SWIFT_VERSION = 5.0;
			};
			name = Debug;
		};
		F3D2EE32267DD29B009704C5 /* Release */ = {
			isa = XCBuildConfiguration;
			buildSettings = {
				CLANG_ENABLE_MODULES = YES;
				CODE_SIGN_STYLE = Automatic;
				COMBINE_HIDPI_IMAGES = YES;
				CURRENT_PROJECT_VERSION = 4.0;
				DEAD_CODE_STRIPPING = YES;
				DEFINES_MODULE = YES;
				DYLIB_COMPATIBILITY_VERSION = 1;
				DYLIB_CURRENT_VERSION = 1;
				DYLIB_INSTALL_NAME_BASE = "@rpath";
				ENABLE_MODULE_VERIFIER = NO;
				INFOPLIST_FILE = EquinoxUI/Resources/Info.plist;
				INSTALL_PATH = "$(LOCAL_LIBRARY_DIR)/Frameworks";
				LD_RUNPATH_SEARCH_PATHS = (
					"$(inherited)",
					"@executable_path/../Frameworks",
					"@loader_path/Frameworks",
				);
				MACOSX_DEPLOYMENT_TARGET = 10.14;
				MODULE_VERIFIER_SUPPORTED_LANGUAGES = "";
				MODULE_VERIFIER_SUPPORTED_LANGUAGE_STANDARDS = "";
				PRODUCT_BUNDLE_IDENTIFIER = com.rlxone.EquinoxUI;
				PRODUCT_NAME = "$(TARGET_NAME:c99extidentifier)";
				SKIP_INSTALL = YES;
				SWIFT_VERSION = 5.0;
			};
			name = Release;
		};
/* End XCBuildConfiguration section */

/* Begin XCConfigurationList section */
		F3D2EE22267DD29B009704C5 /* Build configuration list for PBXProject "EquinoxUI" */ = {
			isa = XCConfigurationList;
			buildConfigurations = (
				F3D2EE2E267DD29B009704C5 /* Debug */,
				F3D2EE2F267DD29B009704C5 /* Release */,
			);
			defaultConfigurationIsVisible = 0;
			defaultConfigurationName = Release;
		};
		F3D2EE30267DD29B009704C5 /* Build configuration list for PBXNativeTarget "EquinoxUI" */ = {
			isa = XCConfigurationList;
			buildConfigurations = (
				F3D2EE31267DD29B009704C5 /* Debug */,
				F3D2EE32267DD29B009704C5 /* Release */,
			);
			defaultConfigurationIsVisible = 0;
			defaultConfigurationName = Release;
		};
/* End XCConfigurationList section */
	};
	rootObject = F3D2EE1F267DD29B009704C5 /* Project object */;
}
