// !$*UTF8*$!
{
	archiveVersion = 1;
	classes = {
	};
	objectVersion = 54;
	objects = {

/* Begin PBXBuildFile section */
		3D7BA8C72932AD2F00B501FF /* Localizable.stringsdict in Resources */ = {isa = PBXBuildFile; fileRef = 3D7BA8C92932AD2F00B501FF /* Localizable.stringsdict */; };
		3DD0F58C2895688600BE34A6 /* Localizable.strings in Resources */ = {isa = PBXBuildFile; fileRef = 3DD0F58E2895688600BE34A6 /* Localizable.strings */; };
		F360471E26ECE63E0009F725 /* Localization.swift in Sources */ = {isa = PBXBuildFile; fileRef = F360471D26ECE63E0009F725 /* Localization.swift */; };
		F376572A267FBF8900AC4191 /* Bundler.swift in Sources */ = {isa = PBXBuildFile; fileRef = F3765729267FBF8900AC4191 /* Bundler.swift */; };
		F399A50D268780B800ED45EF /* Images.swift in Sources */ = {isa = PBXBuildFile; fileRef = F399A50C268780B800ED45EF /* Images.swift */; };
		F3F55A70267FA180000648D1 /* Colors.xcassets in Resources */ = {isa = PBXBuildFile; fileRef = F3F55A6E267FA180000648D1 /* Colors.xcassets */; };
		F3F55A71267FA180000648D1 /* Images.xcassets in Resources */ = {isa = PBXBuildFile; fileRef = F3F55A6F267FA180000648D1 /* Images.xcassets */; };
		F3F55A74267FA2D6000648D1 /* Colors.swift in Sources */ = {isa = PBXBuildFile; fileRef = F3F55A73267FA2D6000648D1 /* Colors.swift */; };
		F3F55A76267FA32F000648D1 /* Fonts.swift in Sources */ = {isa = PBXBuildFile; fileRef = F3F55A75267FA32F000648D1 /* Fonts.swift */; };
/* End PBXBuildFile section */

/* Begin PBXFileReference section */
		128D6B822973A89900FD5677 /* zh-Hans */ = {isa = PBXFileReference; lastKnownFileType = text.plist.strings; name = "zh-Hans"; path = "zh-Hans.lproj/Localizable.strings"; sourceTree = "<group>"; };
		128D6B832973A89A00FD5677 /* zh-Hans */ = {isa = PBXFileReference; lastKnownFileType = text.plist.stringsdict; name = "zh-Hans"; path = "zh-Hans.lproj/Localizable.stringsdict"; sourceTree = "<group>"; };
		3D7BA8C82932AD2F00B501FF /* en */ = {isa = PBXFileReference; lastKnownFileType = text.plist.stringsdict; name = en; path = en.lproj/Localizable.stringsdict; sourceTree = "<group>"; };
		3D7BA8CA2932AD3300B501FF /* fr */ = {isa = PBXFileReference; lastKnownFileType = text.plist.stringsdict; name = fr; path = fr.lproj/Localizable.stringsdict; sourceTree = "<group>"; };
		3DD0F58D2895688600BE34A6 /* en */ = {isa = PBXFileReference; lastKnownFileType = text.plist.strings; name = en; path = en.lproj/Localizable.strings; sourceTree = "<group>"; };
		3DD0F58F2895688B00BE34A6 /* fr */ = {isa = PBXFileReference; lastKnownFileType = text.plist.strings; name = fr; path = fr.lproj/Localizable.strings; sourceTree = "<group>"; };
		54D640AC2BAC5DC3002761BF /* zh-Hant */ = {isa = PBXFileReference; lastKnownFileType = text.plist.strings; name = "zh-Hant"; path = "zh-Hant.lproj/Localizable.strings"; sourceTree = "<group>"; };
		54D640AD2BAC5DC3002761BF /* zh-Hant */ = {isa = PBXFileReference; lastKnownFileType = text.plist.stringsdict; name = "zh-Hant"; path = "zh-Hant.lproj/Localizable.stringsdict"; sourceTree = "<group>"; };
		E341F5482A9C8FCA007637CB /* tr */ = {isa = PBXFileReference; lastKnownFileType = text.plist.strings; name = tr; path = tr.lproj/Localizable.strings; sourceTree = "<group>"; };
		E341F5492A9C8FCA007637CB /* tr */ = {isa = PBXFileReference; lastKnownFileType = text.plist.stringsdict; name = tr; path = tr.lproj/Localizable.stringsdict; sourceTree = "<group>"; };
		F360471D26ECE63E0009F725 /* Localization.swift */ = {isa = PBXFileReference; lastKnownFileType = sourcecode.swift; path = Localization.swift; sourceTree = "<group>"; };
		F3765729267FBF8900AC4191 /* Bundler.swift */ = {isa = PBXFileReference; lastKnownFileType = sourcecode.swift; path = Bundler.swift; sourceTree = "<group>"; };
		F399A50C268780B800ED45EF /* Images.swift */ = {isa = PBXFileReference; lastKnownFileType = sourcecode.swift; path = Images.swift; sourceTree = "<group>"; };
		F3C88A14267F7FE800A51A1A /* EquinoxAssets.framework */ = {isa = PBXFileReference; explicitFileType = wrapper.framework; includeInIndex = 0; path = EquinoxAssets.framework; sourceTree = BUILT_PRODUCTS_DIR; };
		F3C88A18267F7FE800A51A1A /* Info.plist */ = {isa = PBXFileReference; lastKnownFileType = text.plist.xml; path = Info.plist; sourceTree = "<group>"; };
		F3F55A6E267FA180000648D1 /* Colors.xcassets */ = {isa = PBXFileReference; lastKnownFileType = folder.assetcatalog; path = Colors.xcassets; sourceTree = "<group>"; };
		F3F55A6F267FA180000648D1 /* Images.xcassets */ = {isa = PBXFileReference; lastKnownFileType = folder.assetcatalog; path = Images.xcassets; sourceTree = "<group>"; };
		F3F55A73267FA2D6000648D1 /* Colors.swift */ = {isa = PBXFileReference; lastKnownFileType = sourcecode.swift; path = Colors.swift; sourceTree = "<group>"; };
		F3F55A75267FA32F000648D1 /* Fonts.swift */ = {isa = PBXFileReference; lastKnownFileType = sourcecode.swift; path = Fonts.swift; sourceTree = "<group>"; };
		F6048FE22BA9AC5000712EE5 /* zh-HK */ = {isa = PBXFileReference; lastKnownFileType = text.plist.strings; name = "zh-HK"; path = "zh-HK.lproj/Localizable.strings"; sourceTree = "<group>"; };
		F6048FE32BA9AC5000712EE5 /* zh-HK */ = {isa = PBXFileReference; lastKnownFileType = text.plist.stringsdict; name = "zh-HK"; path = "zh-HK.lproj/Localizable.stringsdict"; sourceTree = "<group>"; };
/* End PBXFileReference section */

/* Begin PBXFrameworksBuildPhase section */
		F3C88A11267F7FE800A51A1A /* Frameworks */ = {
			isa = PBXFrameworksBuildPhase;
			buildActionMask = 2147483647;
			files = (
			);
			runOnlyForDeploymentPostprocessing = 0;
		};
/* End PBXFrameworksBuildPhase section */

/* Begin PBXGroup section */
		F329B3C426ED79C000A31035 /* Localization */ = {
			isa = PBXGroup;
			children = (
				3DD0F58E2895688600BE34A6 /* Localizable.strings */,
				3D7BA8C92932AD2F00B501FF /* Localizable.stringsdict */,
			);
			path = Localization;
			sourceTree = "<group>";
		};
		F3C88A0A267F7FE800A51A1A = {
			isa = PBXGroup;
			children = (
				F3C88A16267F7FE800A51A1A /* EquinoxAssets */,
				F3C88A15267F7FE800A51A1A /* Products */,
			);
			sourceTree = "<group>";
		};
		F3C88A15267F7FE800A51A1A /* Products */ = {
			isa = PBXGroup;
			children = (
				F3C88A14267F7FE800A51A1A /* EquinoxAssets.framework */,
			);
			name = Products;
			sourceTree = "<group>";
		};
		F3C88A16267F7FE800A51A1A /* EquinoxAssets */ = {
			isa = PBXGroup;
			children = (
				F3F55A72267FA198000648D1 /* Assets */,
				F329B3C426ED79C000A31035 /* Localization */,
				F3F55A73267FA2D6000648D1 /* Colors.swift */,
				F399A50C268780B800ED45EF /* Images.swift */,
				F3F55A75267FA32F000648D1 /* Fonts.swift */,
				F360471D26ECE63E0009F725 /* Localization.swift */,
				F3765729267FBF8900AC4191 /* Bundler.swift */,
				F3C88A1F267F7FF100A51A1A /* Resources */,
			);
			path = EquinoxAssets;
			sourceTree = "<group>";
		};
		F3C88A1F267F7FF100A51A1A /* Resources */ = {
			isa = PBXGroup;
			children = (
				F3C88A18267F7FE800A51A1A /* Info.plist */,
			);
			path = Resources;
			sourceTree = "<group>";
		};
		F3F55A72267FA198000648D1 /* Assets */ = {
			isa = PBXGroup;
			children = (
				F3F55A6F267FA180000648D1 /* Images.xcassets */,
				F3F55A6E267FA180000648D1 /* Colors.xcassets */,
			);
			path = Assets;
			sourceTree = "<group>";
		};
/* End PBXGroup section */

/* Begin PBXHeadersBuildPhase section */
		F3C88A0F267F7FE800A51A1A /* Headers */ = {
			isa = PBXHeadersBuildPhase;
			buildActionMask = 2147483647;
			files = (
			);
			runOnlyForDeploymentPostprocessing = 0;
		};
/* End PBXHeadersBuildPhase section */

/* Begin PBXNativeTarget section */
		F3C88A13267F7FE800A51A1A /* EquinoxAssets */ = {
			isa = PBXNativeTarget;
			buildConfigurationList = F3C88A1C267F7FE800A51A1A /* Build configuration list for PBXNativeTarget "EquinoxAssets" */;
			buildPhases = (
				F3C88A0F267F7FE800A51A1A /* Headers */,
				F3C88A10267F7FE800A51A1A /* Sources */,
				F3C88A11267F7FE800A51A1A /* Frameworks */,
				F3C88A12267F7FE800A51A1A /* Resources */,
			);
			buildRules = (
			);
			dependencies = (
			);
			name = EquinoxAssets;
			productName = EquinoxAssets;
			productReference = F3C88A14267F7FE800A51A1A /* EquinoxAssets.framework */;
			productType = "com.apple.product-type.framework";
		};
/* End PBXNativeTarget section */

/* Begin PBXProject section */
		F3C88A0B267F7FE800A51A1A /* Project object */ = {
			isa = PBXProject;
			attributes = {
				BuildIndependentTargetsInParallel = YES;
				LastUpgradeCheck = 1520;
				TargetAttributes = {
					F3C88A13267F7FE800A51A1A = {
						CreatedOnToolsVersion = 12.5;
						LastSwiftMigration = 1250;
					};
				};
			};
			buildConfigurationList = F3C88A0E267F7FE800A51A1A /* Build configuration list for PBXProject "EquinoxAssets" */;
			compatibilityVersion = "Xcode 9.3";
			developmentRegion = en;
			hasScannedForEncodings = 0;
			knownRegions = (
				en,
				Base,
				fr,
				tr,
				"zh-Hans",
				"zh-HK",
				"zh-Hant",
			);
			mainGroup = F3C88A0A267F7FE800A51A1A;
			productRefGroup = F3C88A15267F7FE800A51A1A /* Products */;
			projectDirPath = "";
			projectRoot = "";
			targets = (
				F3C88A13267F7FE800A51A1A /* EquinoxAssets */,
			);
		};
/* End PBXProject section */

/* Begin PBXResourcesBuildPhase section */
		F3C88A12267F7FE800A51A1A /* Resources */ = {
			isa = PBXResourcesBuildPhase;
			buildActionMask = 2147483647;
			files = (
				F3F55A70267FA180000648D1 /* Colors.xcassets in Resources */,
				3D7BA8C72932AD2F00B501FF /* Localizable.stringsdict in Resources */,
				3DD0F58C2895688600BE34A6 /* Localizable.strings in Resources */,
				F3F55A71267FA180000648D1 /* Images.xcassets in Resources */,
			);
			runOnlyForDeploymentPostprocessing = 0;
		};
/* End PBXResourcesBuildPhase section */

/* Begin PBXSourcesBuildPhase section */
		F3C88A10267F7FE800A51A1A /* Sources */ = {
			isa = PBXSourcesBuildPhase;
			buildActionMask = 2147483647;
			files = (
				F3F55A76267FA32F000648D1 /* Fonts.swift in Sources */,
				F399A50D268780B800ED45EF /* Images.swift in Sources */,
				F360471E26ECE63E0009F725 /* Localization.swift in Sources */,
				F3F55A74267FA2D6000648D1 /* Colors.swift in Sources */,
				F376572A267FBF8900AC4191 /* Bundler.swift in Sources */,
			);
			runOnlyForDeploymentPostprocessing = 0;
		};
/* End PBXSourcesBuildPhase section */

/* Begin PBXVariantGroup section */
		3D7BA8C92932AD2F00B501FF /* Localizable.stringsdict */ = {
			isa = PBXVariantGroup;
			children = (
				3D7BA8C82932AD2F00B501FF /* en */,
				3D7BA8CA2932AD3300B501FF /* fr */,
				E341F5492A9C8FCA007637CB /* tr */,
				128D6B832973A89A00FD5677 /* zh-Hans */,
				F6048FE32BA9AC5000712EE5 /* zh-HK */,
				54D640AD2BAC5DC3002761BF /* zh-Hant */,
			);
			name = Localizable.stringsdict;
			sourceTree = "<group>";
		};
		3DD0F58E2895688600BE34A6 /* Localizable.strings */ = {
			isa = PBXVariantGroup;
			children = (
				3DD0F58D2895688600BE34A6 /* en */,
				3DD0F58F2895688B00BE34A6 /* fr */,
				E341F5482A9C8FCA007637CB /* tr */,
				128D6B822973A89900FD5677 /* zh-Hans */,
				F6048FE22BA9AC5000712EE5 /* zh-HK */,
				54D640AC2BAC5DC3002761BF /* zh-Hant */,
			);
			name = Localizable.strings;
			sourceTree = "<group>";
		};
/* End PBXVariantGroup section */

/* Begin XCBuildConfiguration section */
		F3C88A1A267F7FE800A51A1A /* Debug */ = {
			isa = XCBuildConfiguration;
			buildSettings = {
				ALWAYS_SEARCH_USER_PATHS = NO;
				CLANG_ANALYZER_LOCALIZABILITY_NONLOCALIZED = YES;
				CLANG_ANALYZER_NONNULL = YES;
				CLANG_ANALYZER_NUMBER_OBJECT_CONVERSION = YES_AGGRESSIVE;
				CLANG_CXX_LANGUAGE_STANDARD = "gnu++14";
				CLANG_CXX_LIBRARY = "libc++";
				CLANG_ENABLE_MODULES = YES;
				CLANG_ENABLE_OBJC_ARC = YES;
				CLANG_ENABLE_OBJC_WEAK = YES;
				CLANG_WARN_BLOCK_CAPTURE_AUTORELEASING = YES;
				CLANG_WARN_BOOL_CONVERSION = YES;
				CLANG_WARN_COMMA = YES;
				CLANG_WARN_CONSTANT_CONVERSION = YES;
				CLANG_WARN_DEPRECATED_OBJC_IMPLEMENTATIONS = YES;
				CLANG_WARN_DIRECT_OBJC_ISA_USAGE = YES_ERROR;
				CLANG_WARN_DOCUMENTATION_COMMENTS = YES;
				CLANG_WARN_EMPTY_BODY = YES;
				CLANG_WARN_ENUM_CONVERSION = YES;
				CLANG_WARN_INFINITE_RECURSION = YES;
				CLANG_WARN_INT_CONVERSION = YES;
				CLANG_WARN_NON_LITERAL_NULL_CONVERSION = YES;
				CLANG_WARN_OBJC_IMPLICIT_RETAIN_SELF = YES;
				CLANG_WARN_OBJC_LITERAL_CONVERSION = YES;
				CLANG_WARN_OBJC_ROOT_CLASS = YES_ERROR;
				CLANG_WARN_QUOTED_INCLUDE_IN_FRAMEWORK_HEADER = YES;
				CLANG_WARN_RANGE_LOOP_ANALYSIS = YES;
				CLANG_WARN_STRICT_PROTOTYPES = YES;
				CLANG_WARN_SUSPICIOUS_MOVE = YES;
				CLANG_WARN_UNGUARDED_AVAILABILITY = YES_AGGRESSIVE;
				CLANG_WARN_UNREACHABLE_CODE = YES;
				CLANG_WARN__DUPLICATE_METHOD_MATCH = YES;
				COPY_PHASE_STRIP = NO;
				CURRENT_PROJECT_VERSION = 4.0;
				DEAD_CODE_STRIPPING = YES;
				DEBUG_INFORMATION_FORMAT = dwarf;
				ENABLE_STRICT_OBJC_MSGSEND = YES;
				ENABLE_TESTABILITY = YES;
				ENABLE_USER_SCRIPT_SANDBOXING = YES;
				GCC_C_LANGUAGE_STANDARD = gnu11;
				GCC_DYNAMIC_NO_PIC = NO;
				GCC_NO_COMMON_BLOCKS = YES;
				GCC_OPTIMIZATION_LEVEL = 0;
				GCC_PREPROCESSOR_DEFINITIONS = (
					"DEBUG=1",
					"$(inherited)",
				);
				GCC_WARN_64_TO_32_BIT_CONVERSION = YES;
				GCC_WARN_ABOUT_RETURN_TYPE = YES_ERROR;
				GCC_WARN_UNDECLARED_SELECTOR = YES;
				GCC_WARN_UNINITIALIZED_AUTOS = YES_AGGRESSIVE;
				GCC_WARN_UNUSED_FUNCTION = YES;
				GCC_WARN_UNUSED_VARIABLE = YES;
				MACOSX_DEPLOYMENT_TARGET = 10.14;
				MTL_ENABLE_DEBUG_INFO = INCLUDE_SOURCE;
				MTL_FAST_MATH = YES;
				ONLY_ACTIVE_ARCH = YES;
				SDKROOT = macosx;
				SWIFT_ACTIVE_COMPILATION_CONDITIONS = DEBUG;
				SWIFT_OPTIMIZATION_LEVEL = "-Onone";
				SWIFT_VERSION = 5.0;
				VERSIONING_SYSTEM = "apple-generic";
				VERSION_INFO_PREFIX = "";
			};
			name = Debug;
		};
		F3C88A1B267F7FE800A51A1A /* Release */ = {
			isa = XCBuildConfiguration;
			buildSettings = {
				ALWAYS_SEARCH_USER_PATHS = NO;
				CLANG_ANALYZER_LOCALIZABILITY_NONLOCALIZED = YES;
				CLANG_ANALYZER_NONNULL = YES;
				CLANG_ANALYZER_NUMBER_OBJECT_CONVERSION = YES_AGGRESSIVE;
				CLANG_CXX_LANGUAGE_STANDARD = "gnu++14";
				CLANG_CXX_LIBRARY = "libc++";
				CLANG_ENABLE_MODULES = YES;
				CLANG_ENABLE_OBJC_ARC = YES;
				CLANG_ENABLE_OBJC_WEAK = YES;
				CLANG_WARN_BLOCK_CAPTURE_AUTORELEASING = YES;
				CLANG_WARN_BOOL_CONVERSION = YES;
				CLANG_WARN_COMMA = YES;
				CLANG_WARN_CONSTANT_CONVERSION = YES;
				CLANG_WARN_DEPRECATED_OBJC_IMPLEMENTATIONS = YES;
				CLANG_WARN_DIRECT_OBJC_ISA_USAGE = YES_ERROR;
				CLANG_WARN_DOCUMENTATION_COMMENTS = YES;
				CLANG_WARN_EMPTY_BODY = YES;
				CLANG_WARN_ENUM_CONVERSION = YES;
				CLANG_WARN_INFINITE_RECURSION = YES;
				CLANG_WARN_INT_CONVERSION = YES;
				CLANG_WARN_NON_LITERAL_NULL_CONVERSION = YES;
				CLANG_WARN_OBJC_IMPLICIT_RETAIN_SELF = YES;
				CLANG_WARN_OBJC_LITERAL_CONVERSION = YES;
				CLANG_WARN_OBJC_ROOT_CLASS = YES_ERROR;
				CLANG_WARN_QUOTED_INCLUDE_IN_FRAMEWORK_HEADER = YES;
				CLANG_WARN_RANGE_LOOP_ANALYSIS = YES;
				CLANG_WARN_STRICT_PROTOTYPES = YES;
				CLANG_WARN_SUSPICIOUS_MOVE = YES;
				CLANG_WARN_UNGUARDED_AVAILABILITY = YES_AGGRESSIVE;
				CLANG_WARN_UNREACHABLE_CODE = YES;
				CLANG_WARN__DUPLICATE_METHOD_MATCH = YES;
				COPY_PHASE_STRIP = NO;
				CURRENT_PROJECT_VERSION = 4.0;
				DEAD_CODE_STRIPPING = YES;
				DEBUG_INFORMATION_FORMAT = "dwarf-with-dsym";
				ENABLE_NS_ASSERTIONS = NO;
				ENABLE_STRICT_OBJC_MSGSEND = YES;
				ENABLE_USER_SCRIPT_SANDBOXING = YES;
				GCC_C_LANGUAGE_STANDARD = gnu11;
				GCC_NO_COMMON_BLOCKS = YES;
				GCC_WARN_64_TO_32_BIT_CONVERSION = YES;
				GCC_WARN_ABOUT_RETURN_TYPE = YES_ERROR;
				GCC_WARN_UNDECLARED_SELECTOR = YES;
				GCC_WARN_UNINITIALIZED_AUTOS = YES_AGGRESSIVE;
				GCC_WARN_UNUSED_FUNCTION = YES;
				GCC_WARN_UNUSED_VARIABLE = YES;
				MACOSX_DEPLOYMENT_TARGET = 10.14;
				MTL_ENABLE_DEBUG_INFO = NO;
				MTL_FAST_MATH = YES;
				SDKROOT = macosx;
				SWIFT_COMPILATION_MODE = wholemodule;
				SWIFT_OPTIMIZATION_LEVEL = "-O";
				SWIFT_VERSION = 5.0;
				VERSIONING_SYSTEM = "apple-generic";
				VERSION_INFO_PREFIX = "";
			};
			name = Release;
		};
		F3C88A1D267F7FE800A51A1A /* Debug */ = {
			isa = XCBuildConfiguration;
			buildSettings = {
				CLANG_ENABLE_MODULES = YES;
				CODE_SIGN_STYLE = Automatic;
				COMBINE_HIDPI_IMAGES = YES;
				CURRENT_PROJECT_VERSION = 4.0;
				DEAD_CODE_STRIPPING = YES;
				DEFINES_MODULE = YES;
				DYLIB_COMPATIBILITY_VERSION = 1;
				DYLIB_CURRENT_VERSION = 1;
				DYLIB_INSTALL_NAME_BASE = "@rpath";
				ENABLE_MODULE_VERIFIER = NO;
				INFOPLIST_FILE = EquinoxAssets/Resources/Info.plist;
				INSTALL_PATH = "$(LOCAL_LIBRARY_DIR)/Frameworks";
				LD_RUNPATH_SEARCH_PATHS = (
					"$(inherited)",
					"@executable_path/../Frameworks",
					"@loader_path/Frameworks",
				);
				MACOSX_DEPLOYMENT_TARGET = 10.14;
				MODULE_VERIFIER_SUPPORTED_LANGUAGES = "";
				MODULE_VERIFIER_SUPPORTED_LANGUAGE_STANDARDS = "";
				PRODUCT_BUNDLE_IDENTIFIER = com.rlxone.EquinoxAssets;
				PRODUCT_NAME = "$(TARGET_NAME:c99extidentifier)";
				SKIP_INSTALL = YES;
				SWIFT_OPTIMIZATION_LEVEL = "-Onone";
				SWIFT_VERSION = 5.0;
			};
			name = Debug;
		};
		F3C88A1E267F7FE800A51A1A /* Release */ = {
			isa = XCBuildConfiguration;
			buildSettings = {
				CLANG_ENABLE_MODULES = YES;
				CODE_SIGN_STYLE = Automatic;
				COMBINE_HIDPI_IMAGES = YES;
				CURRENT_PROJECT_VERSION = 4.0;
				DEAD_CODE_STRIPPING = YES;
				DEFINES_MODULE = YES;
				DYLIB_COMPATIBILITY_VERSION = 1;
				DYLIB_CURRENT_VERSION = 1;
				DYLIB_INSTALL_NAME_BASE = "@rpath";
				ENABLE_MODULE_VERIFIER = NO;
				INFOPLIST_FILE = EquinoxAssets/Resources/Info.plist;
				INSTALL_PATH = "$(LOCAL_LIBRARY_DIR)/Frameworks";
				LD_RUNPATH_SEARCH_PATHS = (
					"$(inherited)",
					"@executable_path/../Frameworks",
					"@loader_path/Frameworks",
				);
				MACOSX_DEPLOYMENT_TARGET = 10.14;
				MODULE_VERIFIER_SUPPORTED_LANGUAGES = "";
				MODULE_VERIFIER_SUPPORTED_LANGUAGE_STANDARDS = "";
				PRODUCT_BUNDLE_IDENTIFIER = com.rlxone.EquinoxAssets;
				PRODUCT_NAME = "$(TARGET_NAME:c99extidentifier)";
				SKIP_INSTALL = YES;
				SWIFT_VERSION = 5.0;
			};
			name = Release;
		};
/* End XCBuildConfiguration section */

/* Begin XCConfigurationList section */
		F3C88A0E267F7FE800A51A1A /* Build configuration list for PBXProject "EquinoxAssets" */ = {
			isa = XCConfigurationList;
			buildConfigurations = (
				F3C88A1A267F7FE800A51A1A /* Debug */,
				F3C88A1B267F7FE800A51A1A /* Release */,
			);
			defaultConfigurationIsVisible = 0;
			defaultConfigurationName = Release;
		};
		F3C88A1C267F7FE800A51A1A /* Build configuration list for PBXNativeTarget "EquinoxAssets" */ = {
			isa = XCConfigurationList;
			buildConfigurations = (
				F3C88A1D267F7FE800A51A1A /* Debug */,
				F3C88A1E267F7FE800A51A1A /* Release */,
			);
			defaultConfigurationIsVisible = 0;
			defaultConfigurationName = Release;
		};
/* End XCConfigurationList section */
	};
	rootObject = F3C88A0B267F7FE800A51A1A /* Project object */;
}
